
Microsoft Visual Studio Solution File, Format Version 12.00
# Visual Studio Version 17
VisualStudioVersion = 17.11.35222.181
MinimumVisualStudioVersion = 10.0.40219.1
Project("{FAE04EC0-301F-11D3-BF4B-00C04F79EFBC}") = "edi_testapp", "edi_testapp.csproj", "{73C9E7A0-6148-4B5C-B987-47392D3D87B3}"
EndProject
Global
	GlobalSection(SolutionConfigurationPlatforms) = preSolution
		Debug|Any CPU = Debug|Any CPU
		Release|Any CPU = Release|Any CPU
	EndGlobalSection
	GlobalSection(ProjectConfigurationPlatforms) = postSolution
		{73C9E7A0-6148-4B5C-B987-47392D3D87B3}.Debug|Any CPU.ActiveCfg = Debug|Any CPU
		{73C9E7A0-6148-4B5C-B987-47392D3D87B3}.Debug|Any CPU.Build.0 = Debug|Any CPU
		{73C9E7A0-6148-4B5C-B987-47392D3D87B3}.Release|Any CPU.ActiveCfg = Release|Any CPU
		{73C9E7A0-6148-4B5C-B987-47392D3D87B3}.Release|Any CPU.Build.0 = Release|Any CPU
	EndGlobalSection
	GlobalSection(SolutionProperties) = preSolution
		HideSolutionNode = FALSE
	EndGlobalSection
	GlobalSection(ExtensibilityGlobals) = postSolution
		SolutionGuid = {156377BE-F82B-4F30-BD17-F168C1ECAFCE}
	EndGlobalSection
EndGlobal
